
Microsoft Visual Studio Solution File, Format Version 12.00
# Visual Studio Version 17
VisualStudioVersion = 17.5.002.0
MinimumVisualStudioVersion = 10.0.40219.1
Project("{9A19103F-16F7-4668-BE54-9A1E7A4F7556}") = "DesafioPOO", "DesafioPOO.csproj", "{347E0973-4645-4ADA-B84B-8C1C4332CC8B}"
EndProject
Global
	GlobalSection(SolutionConfigurationPlatforms) = preSolution
		Debug|Any CPU = Debug|Any CPU
		Release|Any CPU = Release|Any CPU
	EndGlobalSection
	GlobalSection(ProjectConfigurationPlatforms) = postSolution
		{347E0973-4645-4ADA-B84B-8C1C4332CC8B}.Debug|Any CPU.ActiveCfg = Debug|Any CPU
		{347E0973-4645-4ADA-B84B-8C1C4332CC8B}.Debug|Any CPU.Build.0 = Debug|Any CPU
		{347E0973-4645-4ADA-B84B-8C1C4332CC8B}.Release|Any CPU.ActiveCfg = Release|Any CPU
		{347E0973-4645-4ADA-B84B-8C1C4332CC8B}.Release|Any CPU.Build.0 = Release|Any CPU
	EndGlobalSection
	GlobalSection(SolutionProperties) = preSolution
		HideSolutionNode = FALSE
	EndGlobalSection
	GlobalSection(ExtensibilityGlobals) = postSolution
		SolutionGuid = {1441B425-FFD5-4C64-8B26-07EC9084CC83}
	EndGlobalSection
EndGlobal
